
Microsoft Visual Studio Solution File, Format Version 12.00
Project("{FAE04EC0-301F-11D3-BF4B-00C04F79EFBC}") = "ringkey", "ringkey\ringkey.csproj", "{7645D1DE-A791-47B3-A082-5A0ED2AAAE9C}"
EndProject
Project("{FAE04EC0-301F-11D3-BF4B-00C04F79EFBC}") = "ringkey.Data", "ringkey.Data\ringkey.Data.csproj", "{32727488-1C0C-4F0C-8A54-2E01CC9FBFE4}"
EndProject
Project("{FAE04EC0-301F-11D3-BF4B-00C04F79EFBC}") = "ringkey.Logic", "ringkey.Logic\ringkey.Logic.csproj", "{BCEB9621-AF24-46F9-8A74-F021F9411B6D}"
EndProject
Project("{FAE04EC0-301F-11D3-BF4B-00C04F79EFBC}") = "ringkey.Common", "ringkey.Common\ringkey.Common.csproj", "{00CE6ACC-EB9E-4031-A38B-476C36C2A41F}"
EndProject
Global
	GlobalSection(SolutionConfigurationPlatforms) = preSolution
		Debug|Any CPU = Debug|Any CPU
		Release|Any CPU = Release|Any CPU
	EndGlobalSection
	GlobalSection(ProjectConfigurationPlatforms) = postSolution
		{7645D1DE-A791-47B3-A082-5A0ED2AAAE9C}.Debug|Any CPU.ActiveCfg = Debug|Any CPU
		{7645D1DE-A791-47B3-A082-5A0ED2AAAE9C}.Debug|Any CPU.Build.0 = Debug|Any CPU
		{7645D1DE-A791-47B3-A082-5A0ED2AAAE9C}.Release|Any CPU.ActiveCfg = Release|Any CPU
		{7645D1DE-A791-47B3-A082-5A0ED2AAAE9C}.Release|Any CPU.Build.0 = Release|Any CPU
		{32727488-1C0C-4F0C-8A54-2E01CC9FBFE4}.Debug|Any CPU.ActiveCfg = Debug|Any CPU
		{32727488-1C0C-4F0C-8A54-2E01CC9FBFE4}.Debug|Any CPU.Build.0 = Debug|Any CPU
		{32727488-1C0C-4F0C-8A54-2E01CC9FBFE4}.Release|Any CPU.ActiveCfg = Release|Any CPU
		{32727488-1C0C-4F0C-8A54-2E01CC9FBFE4}.Release|Any CPU.Build.0 = Release|Any CPU
		{BCEB9621-AF24-46F9-8A74-F021F9411B6D}.Debug|Any CPU.ActiveCfg = Debug|Any CPU
		{BCEB9621-AF24-46F9-8A74-F021F9411B6D}.Debug|Any CPU.Build.0 = Debug|Any CPU
		{BCEB9621-AF24-46F9-8A74-F021F9411B6D}.Release|Any CPU.ActiveCfg = Release|Any CPU
		{BCEB9621-AF24-46F9-8A74-F021F9411B6D}.Release|Any CPU.Build.0 = Release|Any CPU
		{00CE6ACC-EB9E-4031-A38B-476C36C2A41F}.Debug|Any CPU.ActiveCfg = Debug|Any CPU
		{00CE6ACC-EB9E-4031-A38B-476C36C2A41F}.Debug|Any CPU.Build.0 = Debug|Any CPU
		{00CE6ACC-EB9E-4031-A38B-476C36C2A41F}.Release|Any CPU.ActiveCfg = Release|Any CPU
		{00CE6ACC-EB9E-4031-A38B-476C36C2A41F}.Release|Any CPU.Build.0 = Release|Any CPU
	EndGlobalSection
EndGlobal
